
Microsoft Visual Studio Solution File, Format Version 12.00
# Visual Studio Version 17
VisualStudioVersion = 17.6.33723.286
MinimumVisualStudioVersion = 10.0.40219.1
Project("{FAE04EC0-301F-11D3-BF4B-00C04F79EFBC}") = "Users.Api", "LocalUser.Api\Users.Api.csproj", "{60C3C642-503F-46FB-A5CC-F4F42A4C55EB}"
EndProject
Project("{FAE04EC0-301F-11D3-BF4B-00C04F79EFBC}") = "Users.Domain", "LocalUser.Domain\Users.Domain.csproj", "{42F967DC-9BF4-4367-B13E-3F80DB01A0FB}"
EndProject
Project("{FAE04EC0-301F-11D3-BF4B-00C04F79EFBC}") = "Users.Persistence", "LocalUser.Persistence\Users.Persistence.csproj", "{AF9E11C4-F90C-4318-B9C2-2B88A901E237}"
EndProject
Global
	GlobalSection(SolutionConfigurationPlatforms) = preSolution
		Debug|Any CPU = Debug|Any CPU
		Release|Any CPU = Release|Any CPU
	EndGlobalSection
	GlobalSection(ProjectConfigurationPlatforms) = postSolution
		{60C3C642-503F-46FB-A5CC-F4F42A4C55EB}.Debug|Any CPU.ActiveCfg = Debug|Any CPU
		{60C3C642-503F-46FB-A5CC-F4F42A4C55EB}.Debug|Any CPU.Build.0 = Debug|Any CPU
		{60C3C642-503F-46FB-A5CC-F4F42A4C55EB}.Release|Any CPU.ActiveCfg = Release|Any CPU
		{60C3C642-503F-46FB-A5CC-F4F42A4C55EB}.Release|Any CPU.Build.0 = Release|Any CPU
		{42F967DC-9BF4-4367-B13E-3F80DB01A0FB}.Debug|Any CPU.ActiveCfg = Debug|Any CPU
		{42F967DC-9BF4-4367-B13E-3F80DB01A0FB}.Debug|Any CPU.Build.0 = Debug|Any CPU
		{42F967DC-9BF4-4367-B13E-3F80DB01A0FB}.Release|Any CPU.ActiveCfg = Release|Any CPU
		{42F967DC-9BF4-4367-B13E-3F80DB01A0FB}.Release|Any CPU.Build.0 = Release|Any CPU
		{AF9E11C4-F90C-4318-B9C2-2B88A901E237}.Debug|Any CPU.ActiveCfg = Debug|Any CPU
		{AF9E11C4-F90C-4318-B9C2-2B88A901E237}.Debug|Any CPU.Build.0 = Debug|Any CPU
		{AF9E11C4-F90C-4318-B9C2-2B88A901E237}.Release|Any CPU.ActiveCfg = Release|Any CPU
		{AF9E11C4-F90C-4318-B9C2-2B88A901E237}.Release|Any CPU.Build.0 = Release|Any CPU
	EndGlobalSection
	GlobalSection(SolutionProperties) = preSolution
		HideSolutionNode = FALSE
	EndGlobalSection
	GlobalSection(ExtensibilityGlobals) = postSolution
		SolutionGuid = {8475D09B-C1FC-4A6C-B08F-C5A1CDE9C01F}
	EndGlobalSection
EndGlobal
